
Microsoft Visual Studio Solution File, Format Version 12.00
# Visual Studio Version 16
VisualStudioVersion = 16.0.29613.14
MinimumVisualStudioVersion = 10.0.40219.1
Project("{FAE04EC0-301F-11D3-BF4B-00C04F79EFBC}") = "WeatherData", "WeatherData\WeatherData.csproj", "{1388823C-791F-4945-8B4E-9B450EAE860C}"
EndProject
Global
	GlobalSection(SolutionConfigurationPlatforms) = preSolution
		Debug|Any CPU = Debug|Any CPU
		Release|Any CPU = Release|Any CPU
	EndGlobalSection
	GlobalSection(ProjectConfigurationPlatforms) = postSolution
		{1388823C-791F-4945-8B4E-9B450EAE860C}.Debug|Any CPU.ActiveCfg = Debug|Any CPU
		{1388823C-791F-4945-8B4E-9B450EAE860C}.Debug|Any CPU.Build.0 = Debug|Any CPU
		{1388823C-791F-4945-8B4E-9B450EAE860C}.Release|Any CPU.ActiveCfg = Release|Any CPU
		{1388823C-791F-4945-8B4E-9B450EAE860C}.Release|Any CPU.Build.0 = Release|Any CPU
	EndGlobalSection
	GlobalSection(SolutionProperties) = preSolution
		HideSolutionNode = FALSE
	EndGlobalSection
	GlobalSection(ExtensibilityGlobals) = postSolution
		SolutionGuid = {9564EF17-DE99-460D-A6FE-73F95A16BD9B}
	EndGlobalSection
EndGlobal
